
Microsoft Visual Studio Solution File, Format Version 12.00
# Visual Studio Version 17
VisualStudioVersion = 17.8.34330.188
MinimumVisualStudioVersion = 10.0.40219.1
Project("{FAE04EC0-301F-11D3-BF4B-00C04F79EFBC}") = "BusinessObject", "BusinessObject\BusinessObject.csproj", "{999C6938-269E-403B-9A57-D344E1451650}"
EndProject
Global
	GlobalSection(SolutionConfigurationPlatforms) = preSolution
		Debug|Any CPU = Debug|Any CPU
		Release|Any CPU = Release|Any CPU
	EndGlobalSection
	GlobalSection(ProjectConfigurationPlatforms) = postSolution
		{999C6938-269E-403B-9A57-D344E1451650}.Debug|Any CPU.ActiveCfg = Debug|Any CPU
		{999C6938-269E-403B-9A57-D344E1451650}.Debug|Any CPU.Build.0 = Debug|Any CPU
		{999C6938-269E-403B-9A57-D344E1451650}.Release|Any CPU.ActiveCfg = Release|Any CPU
		{999C6938-269E-403B-9A57-D344E1451650}.Release|Any CPU.Build.0 = Release|Any CPU
	EndGlobalSection
	GlobalSection(SolutionProperties) = preSolution
		HideSolutionNode = FALSE
	EndGlobalSection
	GlobalSection(ExtensibilityGlobals) = postSolution
		SolutionGuid = {DBB67634-4BF3-4E6E-9600-3C0304B6E0FB}
	EndGlobalSection
EndGlobal
